
Microsoft Visual Studio Solution File, Format Version 11.00
# Visual Studio 2010
Project("{8BC9CEB8-8B4A-11D0-8D11-00A0C91BC942}") = "MeshLabPRT", "MeshLabPRT\MeshLabPRT.vcxproj", "{D81352BD-12CF-43DD-8BF2-794A9C4D0AFF}"
EndProject
Global
	GlobalSection(SolutionConfigurationPlatforms) = preSolution
		Debug|Win32 = Debug|Win32
		Release|Win32 = Release|Win32
	EndGlobalSection
	GlobalSection(ProjectConfigurationPlatforms) = postSolution
		{D81352BD-12CF-43DD-8BF2-794A9C4D0AFF}.Debug|Win32.ActiveCfg = Debug|Win32
		{D81352BD-12CF-43DD-8BF2-794A9C4D0AFF}.Debug|Win32.Build.0 = Debug|Win32
		{D81352BD-12CF-43DD-8BF2-794A9C4D0AFF}.Release|Win32.ActiveCfg = Release|Win32
		{D81352BD-12CF-43DD-8BF2-794A9C4D0AFF}.Release|Win32.Build.0 = Release|Win32
	EndGlobalSection
	GlobalSection(SolutionProperties) = preSolution
		HideSolutionNode = FALSE
	EndGlobalSection
EndGlobal
