<?xml version="1.0" encoding="utf-8"?>
<Project ToolsVersion="4.0" xmlns="http://schemas.microsoft.com/developer/msbuild/2003">
  <ItemGroup>
    <Filter Include="Source Files">
      <UniqueIdentifier>{4FC737F1-C7A5-4376-A066-2A32D752A2FF}</UniqueIdentifier>
      <Extensions>cpp;c;cc;cxx;def;odl;idl;hpj;bat;asm;asmx</Extensions>
    </Filter>
    <Filter Include="Header Files">
      <UniqueIdentifier>{93995380-89BD-4b04-88EB-625FBE52EBFB}</UniqueIdentifier>
      <Extensions>h;hpp;hxx;hm;inl;inc;xsd</Extensions>
    </Filter>
    <Filter Include="Resource Files">
      <UniqueIdentifier>{67DA6AB6-F800-4c08-8B7A-83BB121AAD01}</UniqueIdentifier>
      <Extensions>rc;ico;cur;bmp;dlg;rc2;rct;bin;rgs;gif;jpg;jpeg;jpe;resx;tiff;tif;png;wav;mfcribbon-ms</Extensions>
    </Filter>
  </ItemGroup>
  <ItemGroup>
    <ClCompile Include="..\..\sources\Camera.cpp">
      <Filter>Source Files</Filter>
    </ClCompile>
    <ClCompile Include="..\..\sources\CubeMap.cpp">
      <Filter>Source Files</Filter>
    </ClCompile>
    <ClCompile Include="..\..\sources\d3dApp.cpp">
      <Filter>Source Files</Filter>
    </ClCompile>
    <ClCompile Include="..\..\sources\d3dUtil.cpp">
      <Filter>Source Files</Filter>
    </ClCompile>
    <ClCompile Include="..\..\sources\DirectInput.cpp">
      <Filter>Source Files</Filter>
    </ClCompile>
    <ClCompile Include="..\..\sources\GfxStats.cpp">
      <Filter>Source Files</Filter>
    </ClCompile>
    <ClCompile Include="..\..\sources\K3Tree.cpp">
      <Filter>Source Files</Filter>
    </ClCompile>
    <ClCompile Include="..\..\sources\Light.cpp">
      <Filter>Source Files</Filter>
    </ClCompile>
    <ClCompile Include="..\..\sources\Mesh.cpp">
      <Filter>Source Files</Filter>
    </ClCompile>
    <ClCompile Include="..\..\sources\MeshPRT.cpp">
      <Filter>Source Files</Filter>
    </ClCompile>
    <ClCompile Include="..\..\sources\PRTEngine.cpp">
      <Filter>Source Files</Filter>
    </ClCompile>
    <ClCompile Include="..\..\sources\PRTHierarchy.cpp">
      <Filter>Source Files</Filter>
    </ClCompile>
    <ClCompile Include="..\..\sources\PRTHierarchyMapping.cpp">
      <Filter>Source Files</Filter>
    </ClCompile>
    <ClCompile Include="..\..\sources\Timer.cpp">
      <Filter>Source Files</Filter>
    </ClCompile>
    <ClCompile Include="..\..\sources\Window.cpp">
      <Filter>Source Files</Filter>
    </ClCompile>
    <ClCompile Include="..\..\sources\XFileCreator.cpp">
      <Filter>Source Files</Filter>
    </ClCompile>
    <ClCompile Include="..\..\sources\ObjFileParser.cpp">
      <Filter>Source Files</Filter>
    </ClCompile>
  </ItemGroup>
  <ItemGroup>
    <None Include="..\..\shader\cubemap.fx">
      <Filter>Resource Files</Filter>
    </None>
    <None Include="..\..\shader\diffuse.fx">
      <Filter>Resource Files</Filter>
    </None>
    <None Include="..\..\shader\errorVisualization.fx">
      <Filter>Resource Files</Filter>
    </None>
  </ItemGroup>
  <ItemGroup>
    <ClInclude Include="..\..\header\Camera.h">
      <Filter>Header Files</Filter>
    </ClInclude>
    <ClInclude Include="..\..\header\CubeMap.h">
      <Filter>Header Files</Filter>
    </ClInclude>
    <ClInclude Include="..\..\header\d3dApp.h">
      <Filter>Header Files</Filter>
    </ClInclude>
    <ClInclude Include="..\..\header\d3dUtil.h">
      <Filter>Header Files</Filter>
    </ClInclude>
    <ClInclude Include="..\..\header\DirectInput.h">
      <Filter>Header Files</Filter>
    </ClInclude>
    <ClInclude Include="..\..\header\GfxStats.h">
      <Filter>Header Files</Filter>
    </ClInclude>
    <ClInclude Include="..\..\header\K3Tree.h">
      <Filter>Header Files</Filter>
    </ClInclude>
    <ClInclude Include="..\..\header\kdtree.h">
      <Filter>Header Files</Filter>
    </ClInclude>
    <ClInclude Include="..\..\header\Light.h">
      <Filter>Header Files</Filter>
    </ClInclude>
    <ClInclude Include="..\..\header\LightSource.h">
      <Filter>Header Files</Filter>
    </ClInclude>
    <ClInclude Include="..\..\header\LocalConfig.h">
      <Filter>Header Files</Filter>
    </ClInclude>
    <ClInclude Include="..\..\header\Mesh.h">
      <Filter>Header Files</Filter>
    </ClInclude>
    <ClInclude Include="..\..\header\MeshDatastructures.h">
      <Filter>Header Files</Filter>
    </ClInclude>
    <ClInclude Include="..\..\header\PRTEngine.h">
      <Filter>Header Files</Filter>
    </ClInclude>
    <ClInclude Include="..\..\header\PRTHierarchy.h">
      <Filter>Header Files</Filter>
    </ClInclude>
    <ClInclude Include="..\..\header\PRTHierarchyMapping.h">
      <Filter>Header Files</Filter>
    </ClInclude>
    <ClInclude Include="..\..\header\SimpleK3Tree.h">
      <Filter>Header Files</Filter>
    </ClInclude>
    <ClInclude Include="..\..\header\Timer.h">
      <Filter>Header Files</Filter>
    </ClInclude>
    <ClInclude Include="..\..\header\Window.h">
      <Filter>Header Files</Filter>
    </ClInclude>
    <ClInclude Include="..\..\header\ObjFileParser.h">
      <Filter>Header Files</Filter>
    </ClInclude>
    <ClInclude Include="..\..\header\XFileCreator.h">
      <Filter>Header Files</Filter>
    </ClInclude>
  </ItemGroup>
</Project>